
Microsoft Visual Studio Solution File, Format Version 12.00
# Visual Studio Version 16
VisualStudioVersion = 16.0.30413.136
MinimumVisualStudioVersion = 10.0.40219.1
Project("{FAE04EC0-301F-11D3-BF4B-00C04F79EFBC}") = "HotelListing", "HotelListing\HotelListing.csproj", "{A159D765-81B1-443D-974D-F80334D0CB01}"
EndProject
Global
	GlobalSection(SolutionConfigurationPlatforms) = preSolution
		Debug|Any CPU = Debug|Any CPU
		Release|Any CPU = Release|Any CPU
	EndGlobalSection
	GlobalSection(ProjectConfigurationPlatforms) = postSolution
		{A159D765-81B1-443D-974D-F80334D0CB01}.Debug|Any CPU.ActiveCfg = Debug|Any CPU
		{A159D765-81B1-443D-974D-F80334D0CB01}.Debug|Any CPU.Build.0 = Debug|Any CPU
		{A159D765-81B1-443D-974D-F80334D0CB01}.Release|Any CPU.ActiveCfg = Release|Any CPU
		{A159D765-81B1-443D-974D-F80334D0CB01}.Release|Any CPU.Build.0 = Release|Any CPU
	EndGlobalSection
	GlobalSection(SolutionProperties) = preSolution
		HideSolutionNode = FALSE
	EndGlobalSection
	GlobalSection(ExtensibilityGlobals) = postSolution
		SolutionGuid = {C9D2A5A3-6A69-4AFC-8C80-0D8BBD5AB865}
	EndGlobalSection
EndGlobal
